
Microsoft Visual Studio Solution File, Format Version 12.00
# Visual Studio Version 16
VisualStudioVersion = 16.0.30709.132
MinimumVisualStudioVersion = 10.0.40219.1
Project("{9A19103F-16F7-4668-BE54-9A1E7A4F7556}") = "miniMetalTrader", "miniMetalTrader\miniMetalTrader.csproj", "{7D1B6407-A7B9-4C96-B945-54C09B0D3CC5}"
EndProject
Project("{FAE04EC0-301F-11D3-BF4B-00C04F79EFBC}") = "miniMetalTrader.Shared", "miniMetalTrader.Shared\miniMetalTrader.Shared.csproj", "{9C9000D8-F200-440A-9764-4B7445154E6D}"
EndProject
Global
	GlobalSection(SolutionConfigurationPlatforms) = preSolution
		Debug|Any CPU = Debug|Any CPU
		Release|Any CPU = Release|Any CPU
	EndGlobalSection
	GlobalSection(ProjectConfigurationPlatforms) = postSolution
		{7D1B6407-A7B9-4C96-B945-54C09B0D3CC5}.Debug|Any CPU.ActiveCfg = Debug|Any CPU
		{7D1B6407-A7B9-4C96-B945-54C09B0D3CC5}.Debug|Any CPU.Build.0 = Debug|Any CPU
		{7D1B6407-A7B9-4C96-B945-54C09B0D3CC5}.Release|Any CPU.ActiveCfg = Release|Any CPU
		{7D1B6407-A7B9-4C96-B945-54C09B0D3CC5}.Release|Any CPU.Build.0 = Release|Any CPU
		{9C9000D8-F200-440A-9764-4B7445154E6D}.Debug|Any CPU.ActiveCfg = Debug|Any CPU
		{9C9000D8-F200-440A-9764-4B7445154E6D}.Debug|Any CPU.Build.0 = Debug|Any CPU
		{9C9000D8-F200-440A-9764-4B7445154E6D}.Release|Any CPU.ActiveCfg = Release|Any CPU
		{9C9000D8-F200-440A-9764-4B7445154E6D}.Release|Any CPU.Build.0 = Release|Any CPU
	EndGlobalSection
	GlobalSection(SolutionProperties) = preSolution
		HideSolutionNode = FALSE
	EndGlobalSection
	GlobalSection(ExtensibilityGlobals) = postSolution
		SolutionGuid = {106EA9FE-6AE0-4C44-A0A7-544E4C4304AA}
	EndGlobalSection
EndGlobal
